
Microsoft Visual Studio Solution File, Format Version 12.00
# Visual Studio 15
VisualStudioVersion = 15.0.27130.2010
MinimumVisualStudioVersion = 10.0.40219.1
Project("{FAE04EC0-301F-11D3-BF4B-00C04F79EFBC}") = "XamlVBCodeBehindGeneratorTest.Android", "XamlVBCodeBehindGeneratorTest\XamlVBCodeBehindGeneratorTest.Android\XamlVBCodeBehindGeneratorTest.Android.csproj", "{0BEC17EC-763C-47FB-85DE-42617B38DA24}"
EndProject
Project("{FAE04EC0-301F-11D3-BF4B-00C04F79EFBC}") = "XamlVBCodeBehindGeneratorTest.iOS", "XamlVBCodeBehindGeneratorTest\XamlVBCodeBehindGeneratorTest.iOS\XamlVBCodeBehindGeneratorTest.iOS.csproj", "{D8A32B8A-0FB5-4C8B-AD89-E9F8AFB58DEF}"
EndProject
Project("{FAE04EC0-301F-11D3-BF4B-00C04F79EFBC}") = "XamlVBCodeBehindGeneratorTest.UWP", "XamlVBCodeBehindGeneratorTest\XamlVBCodeBehindGeneratorTest.UWP\XamlVBCodeBehindGeneratorTest.UWP.csproj", "{38F3989A-43CA-4DFB-9679-3F0E1AEB3532}"
EndProject
Project("{778DAE3C-4631-46EA-AA77-85C1314464D9}") = "XamlVBCodeBehindGeneratorTest", "XamlVBCodeBehindGeneratorTest\XamlVBCodeBehindGeneratorTest\XamlVBCodeBehindGeneratorTest.vbproj", "{687E38EF-BB84-436F-B290-8470BB8ABEAE}"
EndProject
Global
	GlobalSection(SolutionConfigurationPlatforms) = preSolution
		Ad-Hoc|Any CPU = Ad-Hoc|Any CPU
		Ad-Hoc|ARM = Ad-Hoc|ARM
		Ad-Hoc|iPhone = Ad-Hoc|iPhone
		Ad-Hoc|iPhoneSimulator = Ad-Hoc|iPhoneSimulator
		Ad-Hoc|x64 = Ad-Hoc|x64
		Ad-Hoc|x86 = Ad-Hoc|x86
		AppStore|Any CPU = AppStore|Any CPU
		AppStore|ARM = AppStore|ARM
		AppStore|iPhone = AppStore|iPhone
		AppStore|iPhoneSimulator = AppStore|iPhoneSimulator
		AppStore|x64 = AppStore|x64
		AppStore|x86 = AppStore|x86
		Debug|Any CPU = Debug|Any CPU
		Debug|ARM = Debug|ARM
		Debug|iPhone = Debug|iPhone
		Debug|iPhoneSimulator = Debug|iPhoneSimulator
		Debug|x64 = Debug|x64
		Debug|x86 = Debug|x86
		Release|Any CPU = Release|Any CPU
		Release|ARM = Release|ARM
		Release|iPhone = Release|iPhone
		Release|iPhoneSimulator = Release|iPhoneSimulator
		Release|x64 = Release|x64
		Release|x86 = Release|x86
	EndGlobalSection
	GlobalSection(ProjectConfigurationPlatforms) = postSolution
		{0BEC17EC-763C-47FB-85DE-42617B38DA24}.Ad-Hoc|Any CPU.ActiveCfg = Release|Any CPU
		{0BEC17EC-763C-47FB-85DE-42617B38DA24}.Ad-Hoc|Any CPU.Build.0 = Release|Any CPU
		{0BEC17EC-763C-47FB-85DE-42617B38DA24}.Ad-Hoc|Any CPU.Deploy.0 = Release|Any CPU
		{0BEC17EC-763C-47FB-85DE-42617B38DA24}.Ad-Hoc|ARM.ActiveCfg = Release|Any CPU
		{0BEC17EC-763C-47FB-85DE-42617B38DA24}.Ad-Hoc|ARM.Build.0 = Release|Any CPU
		{0BEC17EC-763C-47FB-85DE-42617B38DA24}.Ad-Hoc|ARM.Deploy.0 = Release|Any CPU
		{0BEC17EC-763C-47FB-85DE-42617B38DA24}.Ad-Hoc|iPhone.ActiveCfg = Release|Any CPU
		{0BEC17EC-763C-47FB-85DE-42617B38DA24}.Ad-Hoc|iPhone.Build.0 = Release|Any CPU
		{0BEC17EC-763C-47FB-85DE-42617B38DA24}.Ad-Hoc|iPhone.Deploy.0 = Release|Any CPU
		{0BEC17EC-763C-47FB-85DE-42617B38DA24}.Ad-Hoc|iPhoneSimulator.ActiveCfg = Release|Any CPU
		{0BEC17EC-763C-47FB-85DE-42617B38DA24}.Ad-Hoc|iPhoneSimulator.Build.0 = Release|Any CPU
		{0BEC17EC-763C-47FB-85DE-42617B38DA24}.Ad-Hoc|iPhoneSimulator.Deploy.0 = Release|Any CPU
		{0BEC17EC-763C-47FB-85DE-42617B38DA24}.Ad-Hoc|x64.ActiveCfg = Release|Any CPU
		{0BEC17EC-763C-47FB-85DE-42617B38DA24}.Ad-Hoc|x64.Build.0 = Release|Any CPU
		{0BEC17EC-763C-47FB-85DE-42617B38DA24}.Ad-Hoc|x64.Deploy.0 = Release|Any CPU
		{0BEC17EC-763C-47FB-85DE-42617B38DA24}.Ad-Hoc|x86.ActiveCfg = Release|Any CPU
		{0BEC17EC-763C-47FB-85DE-42617B38DA24}.Ad-Hoc|x86.Build.0 = Release|Any CPU
		{0BEC17EC-763C-47FB-85DE-42617B38DA24}.Ad-Hoc|x86.Deploy.0 = Release|Any CPU
		{0BEC17EC-763C-47FB-85DE-42617B38DA24}.AppStore|Any CPU.ActiveCfg = Release|Any CPU
		{0BEC17EC-763C-47FB-85DE-42617B38DA24}.AppStore|Any CPU.Build.0 = Release|Any CPU
		{0BEC17EC-763C-47FB-85DE-42617B38DA24}.AppStore|Any CPU.Deploy.0 = Release|Any CPU
		{0BEC17EC-763C-47FB-85DE-42617B38DA24}.AppStore|ARM.ActiveCfg = Release|Any CPU
		{0BEC17EC-763C-47FB-85DE-42617B38DA24}.AppStore|ARM.Build.0 = Release|Any CPU
		{0BEC17EC-763C-47FB-85DE-42617B38DA24}.AppStore|ARM.Deploy.0 = Release|Any CPU
		{0BEC17EC-763C-47FB-85DE-42617B38DA24}.AppStore|iPhone.ActiveCfg = Release|Any CPU
		{0BEC17EC-763C-47FB-85DE-42617B38DA24}.AppStore|iPhone.Build.0 = Release|Any CPU
		{0BEC17EC-763C-47FB-85DE-42617B38DA24}.AppStore|iPhone.Deploy.0 = Release|Any CPU
		{0BEC17EC-763C-47FB-85DE-42617B38DA24}.AppStore|iPhoneSimulator.ActiveCfg = Release|Any CPU
		{0BEC17EC-763C-47FB-85DE-42617B38DA24}.AppStore|iPhoneSimulator.Build.0 = Release|Any CPU
		{0BEC17EC-763C-47FB-85DE-42617B38DA24}.AppStore|iPhoneSimulator.Deploy.0 = Release|Any CPU
		{0BEC17EC-763C-47FB-85DE-42617B38DA24}.AppStore|x64.ActiveCfg = Release|Any CPU
		{0BEC17EC-763C-47FB-85DE-42617B38DA24}.AppStore|x64.Build.0 = Release|Any CPU
		{0BEC17EC-763C-47FB-85DE-42617B38DA24}.AppStore|x64.Deploy.0 = Release|Any CPU
		{0BEC17EC-763C-47FB-85DE-42617B38DA24}.AppStore|x86.ActiveCfg = Release|Any CPU
		{0BEC17EC-763C-47FB-85DE-42617B38DA24}.AppStore|x86.Build.0 = Release|Any CPU
		{0BEC17EC-763C-47FB-85DE-42617B38DA24}.AppStore|x86.Deploy.0 = Release|Any CPU
		{0BEC17EC-763C-47FB-85DE-42617B38DA24}.Debug|Any CPU.ActiveCfg = Debug|Any CPU
		{0BEC17EC-763C-47FB-85DE-42617B38DA24}.Debug|Any CPU.Build.0 = Debug|Any CPU
		{0BEC17EC-763C-47FB-85DE-42617B38DA24}.Debug|Any CPU.Deploy.0 = Debug|Any CPU
		{0BEC17EC-763C-47FB-85DE-42617B38DA24}.Debug|ARM.ActiveCfg = Debug|Any CPU
		{0BEC17EC-763C-47FB-85DE-42617B38DA24}.Debug|ARM.Build.0 = Debug|Any CPU
		{0BEC17EC-763C-47FB-85DE-42617B38DA24}.Debug|ARM.Deploy.0 = Debug|Any CPU
		{0BEC17EC-763C-47FB-85DE-42617B38DA24}.Debug|iPhone.ActiveCfg = Debug|Any CPU
		{0BEC17EC-763C-47FB-85DE-42617B38DA24}.Debug|iPhone.Build.0 = Debug|Any CPU
		{0BEC17EC-763C-47FB-85DE-42617B38DA24}.Debug|iPhone.Deploy.0 = Debug|Any CPU
		{0BEC17EC-763C-47FB-85DE-42617B38DA24}.Debug|iPhoneSimulator.ActiveCfg = Debug|Any CPU
		{0BEC17EC-763C-47FB-85DE-42617B38DA24}.Debug|iPhoneSimulator.Build.0 = Debug|Any CPU
		{0BEC17EC-763C-47FB-85DE-42617B38DA24}.Debug|iPhoneSimulator.Deploy.0 = Debug|Any CPU
		{0BEC17EC-763C-47FB-85DE-42617B38DA24}.Debug|x64.ActiveCfg = Debug|Any CPU
		{0BEC17EC-763C-47FB-85DE-42617B38DA24}.Debug|x64.Build.0 = Debug|Any CPU
		{0BEC17EC-763C-47FB-85DE-42617B38DA24}.Debug|x64.Deploy.0 = Debug|Any CPU
		{0BEC17EC-763C-47FB-85DE-42617B38DA24}.Debug|x86.ActiveCfg = Debug|Any CPU
		{0BEC17EC-763C-47FB-85DE-42617B38DA24}.Debug|x86.Build.0 = Debug|Any CPU
		{0BEC17EC-763C-47FB-85DE-42617B38DA24}.Debug|x86.Deploy.0 = Debug|Any CPU
		{0BEC17EC-763C-47FB-85DE-42617B38DA24}.Release|Any CPU.ActiveCfg = Release|Any CPU
		{0BEC17EC-763C-47FB-85DE-42617B38DA24}.Release|Any CPU.Build.0 = Release|Any CPU
		{0BEC17EC-763C-47FB-85DE-42617B38DA24}.Release|Any CPU.Deploy.0 = Release|Any CPU
		{0BEC17EC-763C-47FB-85DE-42617B38DA24}.Release|ARM.ActiveCfg = Release|Any CPU
		{0BEC17EC-763C-47FB-85DE-42617B38DA24}.Release|ARM.Build.0 = Release|Any CPU
		{0BEC17EC-763C-47FB-85DE-42617B38DA24}.Release|ARM.Deploy.0 = Release|Any CPU
		{0BEC17EC-763C-47FB-85DE-42617B38DA24}.Release|iPhone.ActiveCfg = Release|Any CPU
		{0BEC17EC-763C-47FB-85DE-42617B38DA24}.Release|iPhone.Build.0 = Release|Any CPU
		{0BEC17EC-763C-47FB-85DE-42617B38DA24}.Release|iPhone.Deploy.0 = Release|Any CPU
		{0BEC17EC-763C-47FB-85DE-42617B38DA24}.Release|iPhoneSimulator.ActiveCfg = Release|Any CPU
		{0BEC17EC-763C-47FB-85DE-42617B38DA24}.Release|iPhoneSimulator.Build.0 = Release|Any CPU
		{0BEC17EC-763C-47FB-85DE-42617B38DA24}.Release|iPhoneSimulator.Deploy.0 = Release|Any CPU
		{0BEC17EC-763C-47FB-85DE-42617B38DA24}.Release|x64.ActiveCfg = Release|Any CPU
		{0BEC17EC-763C-47FB-85DE-42617B38DA24}.Release|x64.Build.0 = Release|Any CPU
		{0BEC17EC-763C-47FB-85DE-42617B38DA24}.Release|x64.Deploy.0 = Release|Any CPU
		{0BEC17EC-763C-47FB-85DE-42617B38DA24}.Release|x86.ActiveCfg = Release|Any CPU
		{0BEC17EC-763C-47FB-85DE-42617B38DA24}.Release|x86.Build.0 = Release|Any CPU
		{0BEC17EC-763C-47FB-85DE-42617B38DA24}.Release|x86.Deploy.0 = Release|Any CPU
		{D8A32B8A-0FB5-4C8B-AD89-E9F8AFB58DEF}.Ad-Hoc|Any CPU.ActiveCfg = Ad-Hoc|iPhone
		{D8A32B8A-0FB5-4C8B-AD89-E9F8AFB58DEF}.Ad-Hoc|ARM.ActiveCfg = Ad-Hoc|iPhone
		{D8A32B8A-0FB5-4C8B-AD89-E9F8AFB58DEF}.Ad-Hoc|iPhone.ActiveCfg = Ad-Hoc|iPhone
		{D8A32B8A-0FB5-4C8B-AD89-E9F8AFB58DEF}.Ad-Hoc|iPhone.Build.0 = Ad-Hoc|iPhone
		{D8A32B8A-0FB5-4C8B-AD89-E9F8AFB58DEF}.Ad-Hoc|iPhoneSimulator.ActiveCfg = Ad-Hoc|iPhoneSimulator
		{D8A32B8A-0FB5-4C8B-AD89-E9F8AFB58DEF}.Ad-Hoc|iPhoneSimulator.Build.0 = Ad-Hoc|iPhoneSimulator
		{D8A32B8A-0FB5-4C8B-AD89-E9F8AFB58DEF}.Ad-Hoc|x64.ActiveCfg = Ad-Hoc|iPhone
		{D8A32B8A-0FB5-4C8B-AD89-E9F8AFB58DEF}.Ad-Hoc|x86.ActiveCfg = Ad-Hoc|iPhone
		{D8A32B8A-0FB5-4C8B-AD89-E9F8AFB58DEF}.AppStore|Any CPU.ActiveCfg = AppStore|iPhone
		{D8A32B8A-0FB5-4C8B-AD89-E9F8AFB58DEF}.AppStore|ARM.ActiveCfg = AppStore|iPhone
		{D8A32B8A-0FB5-4C8B-AD89-E9F8AFB58DEF}.AppStore|iPhone.ActiveCfg = AppStore|iPhone
		{D8A32B8A-0FB5-4C8B-AD89-E9F8AFB58DEF}.AppStore|iPhone.Build.0 = AppStore|iPhone
		{D8A32B8A-0FB5-4C8B-AD89-E9F8AFB58DEF}.AppStore|iPhoneSimulator.ActiveCfg = AppStore|iPhoneSimulator
		{D8A32B8A-0FB5-4C8B-AD89-E9F8AFB58DEF}.AppStore|iPhoneSimulator.Build.0 = AppStore|iPhoneSimulator
		{D8A32B8A-0FB5-4C8B-AD89-E9F8AFB58DEF}.AppStore|x64.ActiveCfg = AppStore|iPhone
		{D8A32B8A-0FB5-4C8B-AD89-E9F8AFB58DEF}.AppStore|x86.ActiveCfg = AppStore|iPhone
		{D8A32B8A-0FB5-4C8B-AD89-E9F8AFB58DEF}.Debug|Any CPU.ActiveCfg = Debug|iPhone
		{D8A32B8A-0FB5-4C8B-AD89-E9F8AFB58DEF}.Debug|ARM.ActiveCfg = Debug|iPhone
		{D8A32B8A-0FB5-4C8B-AD89-E9F8AFB58DEF}.Debug|iPhone.ActiveCfg = Debug|iPhone
		{D8A32B8A-0FB5-4C8B-AD89-E9F8AFB58DEF}.Debug|iPhone.Build.0 = Debug|iPhone
		{D8A32B8A-0FB5-4C8B-AD89-E9F8AFB58DEF}.Debug|iPhoneSimulator.ActiveCfg = Debug|iPhoneSimulator
		{D8A32B8A-0FB5-4C8B-AD89-E9F8AFB58DEF}.Debug|iPhoneSimulator.Build.0 = Debug|iPhoneSimulator
		{D8A32B8A-0FB5-4C8B-AD89-E9F8AFB58DEF}.Debug|x64.ActiveCfg = Debug|iPhone
		{D8A32B8A-0FB5-4C8B-AD89-E9F8AFB58DEF}.Debug|x86.ActiveCfg = Debug|iPhone
		{D8A32B8A-0FB5-4C8B-AD89-E9F8AFB58DEF}.Release|Any CPU.ActiveCfg = Release|iPhone
		{D8A32B8A-0FB5-4C8B-AD89-E9F8AFB58DEF}.Release|ARM.ActiveCfg = Release|iPhone
		{D8A32B8A-0FB5-4C8B-AD89-E9F8AFB58DEF}.Release|iPhone.ActiveCfg = Release|iPhone
		{D8A32B8A-0FB5-4C8B-AD89-E9F8AFB58DEF}.Release|iPhone.Build.0 = Release|iPhone
		{D8A32B8A-0FB5-4C8B-AD89-E9F8AFB58DEF}.Release|iPhoneSimulator.ActiveCfg = Release|iPhoneSimulator
		{D8A32B8A-0FB5-4C8B-AD89-E9F8AFB58DEF}.Release|iPhoneSimulator.Build.0 = Release|iPhoneSimulator
		{D8A32B8A-0FB5-4C8B-AD89-E9F8AFB58DEF}.Release|x64.ActiveCfg = Release|iPhone
		{D8A32B8A-0FB5-4C8B-AD89-E9F8AFB58DEF}.Release|x86.ActiveCfg = Release|iPhone
		{38F3989A-43CA-4DFB-9679-3F0E1AEB3532}.Ad-Hoc|Any CPU.ActiveCfg = Release|x86
		{38F3989A-43CA-4DFB-9679-3F0E1AEB3532}.Ad-Hoc|Any CPU.Build.0 = Release|x86
		{38F3989A-43CA-4DFB-9679-3F0E1AEB3532}.Ad-Hoc|Any CPU.Deploy.0 = Release|x86
		{38F3989A-43CA-4DFB-9679-3F0E1AEB3532}.Ad-Hoc|ARM.ActiveCfg = Release|ARM
		{38F3989A-43CA-4DFB-9679-3F0E1AEB3532}.Ad-Hoc|ARM.Build.0 = Release|ARM
		{38F3989A-43CA-4DFB-9679-3F0E1AEB3532}.Ad-Hoc|ARM.Deploy.0 = Release|ARM
		{38F3989A-43CA-4DFB-9679-3F0E1AEB3532}.Ad-Hoc|iPhone.ActiveCfg = Release|x86
		{38F3989A-43CA-4DFB-9679-3F0E1AEB3532}.Ad-Hoc|iPhone.Build.0 = Release|x86
		{38F3989A-43CA-4DFB-9679-3F0E1AEB3532}.Ad-Hoc|iPhone.Deploy.0 = Release|x86
		{38F3989A-43CA-4DFB-9679-3F0E1AEB3532}.Ad-Hoc|iPhoneSimulator.ActiveCfg = Release|x86
		{38F3989A-43CA-4DFB-9679-3F0E1AEB3532}.Ad-Hoc|iPhoneSimulator.Build.0 = Release|x86
		{38F3989A-43CA-4DFB-9679-3F0E1AEB3532}.Ad-Hoc|iPhoneSimulator.Deploy.0 = Release|x86
		{38F3989A-43CA-4DFB-9679-3F0E1AEB3532}.Ad-Hoc|x64.ActiveCfg = Release|x64
		{38F3989A-43CA-4DFB-9679-3F0E1AEB3532}.Ad-Hoc|x64.Build.0 = Release|x64
		{38F3989A-43CA-4DFB-9679-3F0E1AEB3532}.Ad-Hoc|x64.Deploy.0 = Release|x64
		{38F3989A-43CA-4DFB-9679-3F0E1AEB3532}.Ad-Hoc|x86.ActiveCfg = Release|x86
		{38F3989A-43CA-4DFB-9679-3F0E1AEB3532}.Ad-Hoc|x86.Build.0 = Release|x86
		{38F3989A-43CA-4DFB-9679-3F0E1AEB3532}.Ad-Hoc|x86.Deploy.0 = Release|x86
		{38F3989A-43CA-4DFB-9679-3F0E1AEB3532}.AppStore|Any CPU.ActiveCfg = Release|x86
		{38F3989A-43CA-4DFB-9679-3F0E1AEB3532}.AppStore|Any CPU.Build.0 = Release|x86
		{38F3989A-43CA-4DFB-9679-3F0E1AEB3532}.AppStore|Any CPU.Deploy.0 = Release|x86
		{38F3989A-43CA-4DFB-9679-3F0E1AEB3532}.AppStore|ARM.ActiveCfg = Release|ARM
		{38F3989A-43CA-4DFB-9679-3F0E1AEB3532}.AppStore|ARM.Build.0 = Release|ARM
		{38F3989A-43CA-4DFB-9679-3F0E1AEB3532}.AppStore|ARM.Deploy.0 = Release|ARM
		{38F3989A-43CA-4DFB-9679-3F0E1AEB3532}.AppStore|iPhone.ActiveCfg = Release|x86
		{38F3989A-43CA-4DFB-9679-3F0E1AEB3532}.AppStore|iPhone.Build.0 = Release|x86
		{38F3989A-43CA-4DFB-9679-3F0E1AEB3532}.AppStore|iPhone.Deploy.0 = Release|x86
		{38F3989A-43CA-4DFB-9679-3F0E1AEB3532}.AppStore|iPhoneSimulator.ActiveCfg = Release|x86
		{38F3989A-43CA-4DFB-9679-3F0E1AEB3532}.AppStore|iPhoneSimulator.Build.0 = Release|x86
		{38F3989A-43CA-4DFB-9679-3F0E1AEB3532}.AppStore|iPhoneSimulator.Deploy.0 = Release|x86
		{38F3989A-43CA-4DFB-9679-3F0E1AEB3532}.AppStore|x64.ActiveCfg = Release|x64
		{38F3989A-43CA-4DFB-9679-3F0E1AEB3532}.AppStore|x64.Build.0 = Release|x64
		{38F3989A-43CA-4DFB-9679-3F0E1AEB3532}.AppStore|x64.Deploy.0 = Release|x64
		{38F3989A-43CA-4DFB-9679-3F0E1AEB3532}.AppStore|x86.ActiveCfg = Release|x86
		{38F3989A-43CA-4DFB-9679-3F0E1AEB3532}.AppStore|x86.Build.0 = Release|x86
		{38F3989A-43CA-4DFB-9679-3F0E1AEB3532}.AppStore|x86.Deploy.0 = Release|x86
		{38F3989A-43CA-4DFB-9679-3F0E1AEB3532}.Debug|Any CPU.ActiveCfg = Debug|x86
		{38F3989A-43CA-4DFB-9679-3F0E1AEB3532}.Debug|ARM.ActiveCfg = Debug|ARM
		{38F3989A-43CA-4DFB-9679-3F0E1AEB3532}.Debug|ARM.Build.0 = Debug|ARM
		{38F3989A-43CA-4DFB-9679-3F0E1AEB3532}.Debug|ARM.Deploy.0 = Debug|ARM
		{38F3989A-43CA-4DFB-9679-3F0E1AEB3532}.Debug|iPhone.ActiveCfg = Debug|x86
		{38F3989A-43CA-4DFB-9679-3F0E1AEB3532}.Debug|iPhoneSimulator.ActiveCfg = Debug|x86
		{38F3989A-43CA-4DFB-9679-3F0E1AEB3532}.Debug|x64.ActiveCfg = Debug|x64
		{38F3989A-43CA-4DFB-9679-3F0E1AEB3532}.Debug|x64.Build.0 = Debug|x64
		{38F3989A-43CA-4DFB-9679-3F0E1AEB3532}.Debug|x64.Deploy.0 = Debug|x64
		{38F3989A-43CA-4DFB-9679-3F0E1AEB3532}.Debug|x86.ActiveCfg = Debug|x86
		{38F3989A-43CA-4DFB-9679-3F0E1AEB3532}.Debug|x86.Build.0 = Debug|x86
		{38F3989A-43CA-4DFB-9679-3F0E1AEB3532}.Debug|x86.Deploy.0 = Debug|x86
		{38F3989A-43CA-4DFB-9679-3F0E1AEB3532}.Release|Any CPU.ActiveCfg = Release|x86
		{38F3989A-43CA-4DFB-9679-3F0E1AEB3532}.Release|ARM.ActiveCfg = Release|ARM
		{38F3989A-43CA-4DFB-9679-3F0E1AEB3532}.Release|ARM.Build.0 = Release|ARM
		{38F3989A-43CA-4DFB-9679-3F0E1AEB3532}.Release|ARM.Deploy.0 = Release|ARM
		{38F3989A-43CA-4DFB-9679-3F0E1AEB3532}.Release|iPhone.ActiveCfg = Release|x86
		{38F3989A-43CA-4DFB-9679-3F0E1AEB3532}.Release|iPhoneSimulator.ActiveCfg = Release|x86
		{38F3989A-43CA-4DFB-9679-3F0E1AEB3532}.Release|x64.ActiveCfg = Release|x64
		{38F3989A-43CA-4DFB-9679-3F0E1AEB3532}.Release|x64.Build.0 = Release|x64
		{38F3989A-43CA-4DFB-9679-3F0E1AEB3532}.Release|x64.Deploy.0 = Release|x64
		{38F3989A-43CA-4DFB-9679-3F0E1AEB3532}.Release|x86.ActiveCfg = Release|x86
		{38F3989A-43CA-4DFB-9679-3F0E1AEB3532}.Release|x86.Build.0 = Release|x86
		{38F3989A-43CA-4DFB-9679-3F0E1AEB3532}.Release|x86.Deploy.0 = Release|x86
		{687E38EF-BB84-436F-B290-8470BB8ABEAE}.Ad-Hoc|Any CPU.ActiveCfg = Debug|Any CPU
		{687E38EF-BB84-436F-B290-8470BB8ABEAE}.Ad-Hoc|Any CPU.Build.0 = Debug|Any CPU
		{687E38EF-BB84-436F-B290-8470BB8ABEAE}.Ad-Hoc|ARM.ActiveCfg = Debug|Any CPU
		{687E38EF-BB84-436F-B290-8470BB8ABEAE}.Ad-Hoc|ARM.Build.0 = Debug|Any CPU
		{687E38EF-BB84-436F-B290-8470BB8ABEAE}.Ad-Hoc|iPhone.ActiveCfg = Debug|Any CPU
		{687E38EF-BB84-436F-B290-8470BB8ABEAE}.Ad-Hoc|iPhone.Build.0 = Debug|Any CPU
		{687E38EF-BB84-436F-B290-8470BB8ABEAE}.Ad-Hoc|iPhoneSimulator.ActiveCfg = Debug|Any CPU
		{687E38EF-BB84-436F-B290-8470BB8ABEAE}.Ad-Hoc|iPhoneSimulator.Build.0 = Debug|Any CPU
		{687E38EF-BB84-436F-B290-8470BB8ABEAE}.Ad-Hoc|x64.ActiveCfg = Debug|Any CPU
		{687E38EF-BB84-436F-B290-8470BB8ABEAE}.Ad-Hoc|x64.Build.0 = Debug|Any CPU
		{687E38EF-BB84-436F-B290-8470BB8ABEAE}.Ad-Hoc|x86.ActiveCfg = Debug|Any CPU
		{687E38EF-BB84-436F-B290-8470BB8ABEAE}.Ad-Hoc|x86.Build.0 = Debug|Any CPU
		{687E38EF-BB84-436F-B290-8470BB8ABEAE}.AppStore|Any CPU.ActiveCfg = Debug|Any CPU
		{687E38EF-BB84-436F-B290-8470BB8ABEAE}.AppStore|Any CPU.Build.0 = Debug|Any CPU
		{687E38EF-BB84-436F-B290-8470BB8ABEAE}.AppStore|ARM.ActiveCfg = Debug|Any CPU
		{687E38EF-BB84-436F-B290-8470BB8ABEAE}.AppStore|ARM.Build.0 = Debug|Any CPU
		{687E38EF-BB84-436F-B290-8470BB8ABEAE}.AppStore|iPhone.ActiveCfg = Debug|Any CPU
		{687E38EF-BB84-436F-B290-8470BB8ABEAE}.AppStore|iPhone.Build.0 = Debug|Any CPU
		{687E38EF-BB84-436F-B290-8470BB8ABEAE}.AppStore|iPhoneSimulator.ActiveCfg = Debug|Any CPU
		{687E38EF-BB84-436F-B290-8470BB8ABEAE}.AppStore|iPhoneSimulator.Build.0 = Debug|Any CPU
		{687E38EF-BB84-436F-B290-8470BB8ABEAE}.AppStore|x64.ActiveCfg = Debug|Any CPU
		{687E38EF-BB84-436F-B290-8470BB8ABEAE}.AppStore|x64.Build.0 = Debug|Any CPU
		{687E38EF-BB84-436F-B290-8470BB8ABEAE}.AppStore|x86.ActiveCfg = Debug|Any CPU
		{687E38EF-BB84-436F-B290-8470BB8ABEAE}.AppStore|x86.Build.0 = Debug|Any CPU
		{687E38EF-BB84-436F-B290-8470BB8ABEAE}.Debug|Any CPU.ActiveCfg = Debug|Any CPU
		{687E38EF-BB84-436F-B290-8470BB8ABEAE}.Debug|Any CPU.Build.0 = Debug|Any CPU
		{687E38EF-BB84-436F-B290-8470BB8ABEAE}.Debug|ARM.ActiveCfg = Debug|Any CPU
		{687E38EF-BB84-436F-B290-8470BB8ABEAE}.Debug|ARM.Build.0 = Debug|Any CPU
		{687E38EF-BB84-436F-B290-8470BB8ABEAE}.Debug|iPhone.ActiveCfg = Debug|Any CPU
		{687E38EF-BB84-436F-B290-8470BB8ABEAE}.Debug|iPhone.Build.0 = Debug|Any CPU
		{687E38EF-BB84-436F-B290-8470BB8ABEAE}.Debug|iPhoneSimulator.ActiveCfg = Debug|Any CPU
		{687E38EF-BB84-436F-B290-8470BB8ABEAE}.Debug|iPhoneSimulator.Build.0 = Debug|Any CPU
		{687E38EF-BB84-436F-B290-8470BB8ABEAE}.Debug|x64.ActiveCfg = Debug|Any CPU
		{687E38EF-BB84-436F-B290-8470BB8ABEAE}.Debug|x64.Build.0 = Debug|Any CPU
		{687E38EF-BB84-436F-B290-8470BB8ABEAE}.Debug|x86.ActiveCfg = Debug|Any CPU
		{687E38EF-BB84-436F-B290-8470BB8ABEAE}.Debug|x86.Build.0 = Debug|Any CPU
		{687E38EF-BB84-436F-B290-8470BB8ABEAE}.Release|Any CPU.ActiveCfg = Release|Any CPU
		{687E38EF-BB84-436F-B290-8470BB8ABEAE}.Release|Any CPU.Build.0 = Release|Any CPU
		{687E38EF-BB84-436F-B290-8470BB8ABEAE}.Release|ARM.ActiveCfg = Release|Any CPU
		{687E38EF-BB84-436F-B290-8470BB8ABEAE}.Release|ARM.Build.0 = Release|Any CPU
		{687E38EF-BB84-436F-B290-8470BB8ABEAE}.Release|iPhone.ActiveCfg = Release|Any CPU
		{687E38EF-BB84-436F-B290-8470BB8ABEAE}.Release|iPhone.Build.0 = Release|Any CPU
		{687E38EF-BB84-436F-B290-8470BB8ABEAE}.Release|iPhoneSimulator.ActiveCfg = Release|Any CPU
		{687E38EF-BB84-436F-B290-8470BB8ABEAE}.Release|iPhoneSimulator.Build.0 = Release|Any CPU
		{687E38EF-BB84-436F-B290-8470BB8ABEAE}.Release|x64.ActiveCfg = Release|Any CPU
		{687E38EF-BB84-436F-B290-8470BB8ABEAE}.Release|x64.Build.0 = Release|Any CPU
		{687E38EF-BB84-436F-B290-8470BB8ABEAE}.Release|x86.ActiveCfg = Release|Any CPU
		{687E38EF-BB84-436F-B290-8470BB8ABEAE}.Release|x86.Build.0 = Release|Any CPU
	EndGlobalSection
	GlobalSection(SolutionProperties) = preSolution
		HideSolutionNode = FALSE
	EndGlobalSection
	GlobalSection(ExtensibilityGlobals) = postSolution
		SolutionGuid = {440A55CD-2373-47CB-9CE8-E7BBB9B3F8C3}
	EndGlobalSection
EndGlobal
